
Microsoft Visual Studio Solution File, Format Version 12.00
# Visual Studio Version 17
VisualStudioVersion = 17.0.31903.59
MinimumVisualStudioVersion = 10.0.40219.1
Project("{9A19103F-16F7-4668-BE54-9A1E7A4F7556}") = "BlazorApp.Server", "BlazorApp\Server\BlazorApp.Server.csproj", "{776EF6A8-7F5B-43BA-90DB-4FD905BC3985}"
EndProject
Project("{9A19103F-16F7-4668-BE54-9A1E7A4F7556}") = "BlazorApp.Client", "BlazorApp\Client\BlazorApp.Client.csproj", "{0FE4BB4A-99D3-45DE-A8FB-5FFDB33AC821}"
EndProject
Project("{9A19103F-16F7-4668-BE54-9A1E7A4F7556}") = "BlazorApp.Shared", "BlazorApp\Shared\BlazorApp.Shared.csproj", "{138A2C49-C72D-4E12-A8A3-4753861017CE}"
EndProject
Global
	GlobalSection(SolutionConfigurationPlatforms) = preSolution
		Debug|Any CPU = Debug|Any CPU
		Release|Any CPU = Release|Any CPU
	EndGlobalSection
	GlobalSection(ProjectConfigurationPlatforms) = postSolution
		{776EF6A8-7F5B-43BA-90DB-4FD905BC3985}.Debug|Any CPU.ActiveCfg = Debug|Any CPU
		{776EF6A8-7F5B-43BA-90DB-4FD905BC3985}.Debug|Any CPU.Build.0 = Debug|Any CPU
		{776EF6A8-7F5B-43BA-90DB-4FD905BC3985}.Release|Any CPU.ActiveCfg = Release|Any CPU
		{776EF6A8-7F5B-43BA-90DB-4FD905BC3985}.Release|Any CPU.Build.0 = Release|Any CPU
		{0FE4BB4A-99D3-45DE-A8FB-5FFDB33AC821}.Debug|Any CPU.ActiveCfg = Debug|Any CPU
		{0FE4BB4A-99D3-45DE-A8FB-5FFDB33AC821}.Debug|Any CPU.Build.0 = Debug|Any CPU
		{0FE4BB4A-99D3-45DE-A8FB-5FFDB33AC821}.Release|Any CPU.ActiveCfg = Release|Any CPU
		{0FE4BB4A-99D3-45DE-A8FB-5FFDB33AC821}.Release|Any CPU.Build.0 = Release|Any CPU
		{138A2C49-C72D-4E12-A8A3-4753861017CE}.Debug|Any CPU.ActiveCfg = Debug|Any CPU
		{138A2C49-C72D-4E12-A8A3-4753861017CE}.Debug|Any CPU.Build.0 = Debug|Any CPU
		{138A2C49-C72D-4E12-A8A3-4753861017CE}.Release|Any CPU.ActiveCfg = Release|Any CPU
		{138A2C49-C72D-4E12-A8A3-4753861017CE}.Release|Any CPU.Build.0 = Release|Any CPU
	EndGlobalSection
	GlobalSection(SolutionProperties) = preSolution
		HideSolutionNode = FALSE
	EndGlobalSection
	GlobalSection(ExtensibilityGlobals) = postSolution
		SolutionGuid = {BFB650AB-2FAB-44C8-A056-53F8B9014934}
	EndGlobalSection
EndGlobal
